
Microsoft Visual Studio Solution File, Format Version 12.00
# Visual Studio Version 16
VisualStudioVersion = 25.0.1706.7
MinimumVisualStudioVersion = 10.0.40219.1
Project("{FAE04EC0-301F-11D3-BF4B-00C04F79EFBC}") = "day9", "day9\day9.csproj", "{592011EC-3650-4843-8B2A-3A56AAEED6C6}"
EndProject
Global
	GlobalSection(SolutionConfigurationPlatforms) = preSolution
		Debug|Any CPU = Debug|Any CPU
		Release|Any CPU = Release|Any CPU
	EndGlobalSection
	GlobalSection(ProjectConfigurationPlatforms) = postSolution
		{592011EC-3650-4843-8B2A-3A56AAEED6C6}.Debug|Any CPU.ActiveCfg = Debug|Any CPU
		{592011EC-3650-4843-8B2A-3A56AAEED6C6}.Debug|Any CPU.Build.0 = Debug|Any CPU
		{592011EC-3650-4843-8B2A-3A56AAEED6C6}.Release|Any CPU.ActiveCfg = Release|Any CPU
		{592011EC-3650-4843-8B2A-3A56AAEED6C6}.Release|Any CPU.Build.0 = Release|Any CPU
	EndGlobalSection
	GlobalSection(SolutionProperties) = preSolution
		HideSolutionNode = FALSE
	EndGlobalSection
	GlobalSection(ExtensibilityGlobals) = postSolution
		SolutionGuid = {59825363-8E55-4E25-9BCC-EBC85E5D0C30}
	EndGlobalSection
EndGlobal
